// !$*UTF8*$!
{
	archiveVersion = 1;
	classes = {
	};
	objectVersion = 77;
	objects = {

/* Begin PBXContainerItemProxy section */
		CB20750E2E7FF91400BCF7C9 /* PBXContainerItemProxy */ = {
			isa = PBXContainerItemProxy;
			containerPortal = CB2074EF2E7FF91200BCF7C9 /* Project object */;
			proxyType = 1;
			remoteGlobalIDString = CB2074F62E7FF91200BCF7C9;
			remoteInfo = "Countries List";
		};
		CB2075182E7FF91400BCF7C9 /* PBXContainerItemProxy */ = {
			isa = PBXContainerItemProxy;
			containerPortal = CB2074EF2E7FF91200BCF7C9 /* Project object */;
			proxyType = 1;
			remoteGlobalIDString = CB2074F62E7FF91200BCF7C9;
			remoteInfo = "Countries List";
		};
/* End PBXContainerItemProxy section */

/* Begin PBXFileReference section */
		CB2074F72E7FF91200BCF7C9 /* Countries List.app */ = {isa = PBXFileReference; explicitFileType = wrapper.application; includeInIndex = 0; path = "Countries List.app"; sourceTree = BUILT_PRODUCTS_DIR; };
		CB20750D2E7FF91400BCF7C9 /* Countries ListTests.xctest */ = {isa = PBXFileReference; explicitFileType = wrapper.cfbundle; includeInIndex = 0; path = "Countries ListTests.xctest"; sourceTree = BUILT_PRODUCTS_DIR; };
		CB2075172E7FF91400BCF7C9 /* Countries ListUITests.xctest */ = {isa = PBXFileReference; explicitFileType = wrapper.cfbundle; includeInIndex = 0; path = "Countries ListUITests.xctest"; sourceTree = BUILT_PRODUCTS_DIR; };
/* End PBXFileReference section */

/* Begin PBXFileSystemSynchronizedBuildFileExceptionSet section */
		CB20751F2E7FF91400BCF7C9 /* Exceptions for "Countries List" folder in "Countries List" target */ = {
			isa = PBXFileSystemSynchronizedBuildFileExceptionSet;
			membershipExceptions = (
				Info.plist,
			);
			target = CB2074F62E7FF91200BCF7C9 /* Countries List */;
		};
/* End PBXFileSystemSynchronizedBuildFileExceptionSet section */

/* Begin PBXFileSystemSynchronizedRootGroup section */
		CB2074F92E7FF91200BCF7C9 /* Countries List */ = {
			isa = PBXFileSystemSynchronizedRootGroup;
			exceptions = (
				CB20751F2E7FF91400BCF7C9 /* Exceptions for "Countries List" folder in "Countries List" target */,
			);
			path = "Countries List";
			sourceTree = "<group>";
		};
		CB2075102E7FF91400BCF7C9 /* Countries ListTests */ = {
			isa = PBXFileSystemSynchronizedRootGroup;
			path = "Countries ListTests";
			sourceTree = "<group>";
		};
		CB20751A2E7FF91400BCF7C9 /* Countries ListUITests */ = {
			isa = PBXFileSystemSynchronizedRootGroup;
			path = "Countries ListUITests";
			sourceTree = "<group>";
		};
/* End PBXFileSystemSynchronizedRootGroup section */

/* Begin PBXFrameworksBuildPhase section */
		CB2074F42E7FF91200BCF7C9 /* Frameworks */ = {
			isa = PBXFrameworksBuildPhase;
			buildActionMask = 2147483647;
			files = (
			);
			runOnlyForDeploymentPostprocessing = 0;
		};
		CB20750A2E7FF91400BCF7C9 /* Frameworks */ = {
			isa = PBXFrameworksBuildPhase;
			buildActionMask = 2147483647;
			files = (
			);
			runOnlyForDeploymentPostprocessing = 0;
		};
		CB2075142E7FF91400BCF7C9 /* Frameworks */ = {
			isa = PBXFrameworksBuildPhase;
			buildActionMask = 2147483647;
			files = (
			);
			runOnlyForDeploymentPostprocessing = 0;
		};
/* End PBXFrameworksBuildPhase section */

/* Begin PBXGroup section */
		CB2074EE2E7FF91200BCF7C9 = {
			isa = PBXGroup;
			children = (
				CB2074F92E7FF91200BCF7C9 /* Countries List */,
				CB2075102E7FF91400BCF7C9 /* Countries ListTests */,
				CB20751A2E7FF91400BCF7C9 /* Countries ListUITests */,
				CB2074F82E7FF91200BCF7C9 /* Products */,
			);
			sourceTree = "<group>";
		};
		CB2074F82E7FF91200BCF7C9 /* Products */ = {
			isa = PBXGroup;
			children = (
				CB2074F72E7FF91200BCF7C9 /* Countries List.app */,
				CB20750D2E7FF91400BCF7C9 /* Countries ListTests.xctest */,
				CB2075172E7FF91400BCF7C9 /* Countries ListUITests.xctest */,
			);
			name = Products;
			sourceTree = "<group>";
		};
/* End PBXGroup section */

/* Begin PBXNativeTarget section */
		CB2074F62E7FF91200BCF7C9 /* Countries List */ = {
			isa = PBXNativeTarget;
			buildConfigurationList = CB2075202E7FF91400BCF7C9 /* Build configuration list for PBXNativeTarget "Countries List" */;
			buildPhases = (
				CB2074F32E7FF91200BCF7C9 /* Sources */,
				CB2074F42E7FF91200BCF7C9 /* Frameworks */,
				CB2074F52E7FF91200BCF7C9 /* Resources */,
			);
			buildRules = (
			);
			dependencies = (
			);
			fileSystemSynchronizedGroups = (
				CB2074F92E7FF91200BCF7C9 /* Countries List */,
			);
			name = "Countries List";
			packageProductDependencies = (
			);
			productName = "Countries List";
			productReference = CB2074F72E7FF91200BCF7C9 /* Countries List.app */;
			productType = "com.apple.product-type.application";
		};
		CB20750C2E7FF91400BCF7C9 /* Countries ListTests */ = {
			isa = PBXNativeTarget;
			buildConfigurationList = CB2075252E7FF91400BCF7C9 /* Build configuration list for PBXNativeTarget "Countries ListTests" */;
			buildPhases = (
				CB2075092E7FF91400BCF7C9 /* Sources */,
				CB20750A2E7FF91400BCF7C9 /* Frameworks */,
				CB20750B2E7FF91400BCF7C9 /* Resources */,
			);
			buildRules = (
			);
			dependencies = (
				CB20750F2E7FF91400BCF7C9 /* PBXTargetDependency */,
			);
			fileSystemSynchronizedGroups = (
				CB2075102E7FF91400BCF7C9 /* Countries ListTests */,
			);
			name = "Countries ListTests";
			packageProductDependencies = (
			);
			productName = "Countries ListTests";
			productReference = CB20750D2E7FF91400BCF7C9 /* Countries ListTests.xctest */;
			productType = "com.apple.product-type.bundle.unit-test";
		};
		CB2075162E7FF91400BCF7C9 /* Countries ListUITests */ = {
			isa = PBXNativeTarget;
			buildConfigurationList = CB2075282E7FF91400BCF7C9 /* Build configuration list for PBXNativeTarget "Countries ListUITests" */;
			buildPhases = (
				CB2075132E7FF91400BCF7C9 /* Sources */,
				CB2075142E7FF91400BCF7C9 /* Frameworks */,
				CB2075152E7FF91400BCF7C9 /* Resources */,
			);
			buildRules = (
			);
			dependencies = (
				CB2075192E7FF91400BCF7C9 /* PBXTargetDependency */,
			);
			fileSystemSynchronizedGroups = (
				CB20751A2E7FF91400BCF7C9 /* Countries ListUITests */,
			);
			name = "Countries ListUITests";
			packageProductDependencies = (
			);
			productName = "Countries ListUITests";
			productReference = CB2075172E7FF91400BCF7C9 /* Countries ListUITests.xctest */;
			productType = "com.apple.product-type.bundle.ui-testing";
		};
/* End PBXNativeTarget section */

/* Begin PBXProject section */
		CB2074EF2E7FF91200BCF7C9 /* Project object */ = {
			isa = PBXProject;
			attributes = {
				BuildIndependentTargetsInParallel = 1;
				LastSwiftUpdateCheck = 1640;
				LastUpgradeCheck = 1640;
				TargetAttributes = {
					CB2074F62E7FF91200BCF7C9 = {
						CreatedOnToolsVersion = 16.4;
					};
					CB20750C2E7FF91400BCF7C9 = {
						CreatedOnToolsVersion = 16.4;
						TestTargetID = CB2074F62E7FF91200BCF7C9;
					};
					CB2075162E7FF91400BCF7C9 = {
						CreatedOnToolsVersion = 16.4;
						TestTargetID = CB2074F62E7FF91200BCF7C9;
					};
				};
			};
			buildConfigurationList = CB2074F22E7FF91200BCF7C9 /* Build configuration list for PBXProject "Countries List" */;
			developmentRegion = en;
			hasScannedForEncodings = 0;
			knownRegions = (
				en,
				Base,
			);
			mainGroup = CB2074EE2E7FF91200BCF7C9;
			minimizedProjectReferenceProxies = 1;
			preferredProjectObjectVersion = 77;
			productRefGroup = CB2074F82E7FF91200BCF7C9 /* Products */;
			projectDirPath = "";
			projectRoot = "";
			targets = (
				CB2074F62E7FF91200BCF7C9 /* Countries List */,
				CB20750C2E7FF91400BCF7C9 /* Countries ListTests */,
				CB2075162E7FF91400BCF7C9 /* Countries ListUITests */,
			);
		};
/* End PBXProject section */

/* Begin PBXResourcesBuildPhase section */
		CB2074F52E7FF91200BCF7C9 /* Resources */ = {
			isa = PBXResourcesBuildPhase;
			buildActionMask = 2147483647;
			files = (
			);
			runOnlyForDeploymentPostprocessing = 0;
		};
		CB20750B2E7FF91400BCF7C9 /* Resources */ = {
			isa = PBXResourcesBuildPhase;
			buildActionMask = 2147483647;
			files = (
			);
			runOnlyForDeploymentPostprocessing = 0;
		};
		CB2075152E7FF91400BCF7C9 /* Resources */ = {
			isa = PBXResourcesBuildPhase;
			buildActionMask = 2147483647;
			files = (
			);
			runOnlyForDeploymentPostprocessing = 0;
		};
/* End PBXResourcesBuildPhase section */

/* Begin PBXSourcesBuildPhase section */
		CB2074F32E7FF91200BCF7C9 /* Sources */ = {
			isa = PBXSourcesBuildPhase;
			buildActionMask = 2147483647;
			files = (
			);
			runOnlyForDeploymentPostprocessing = 0;
		};
		CB2075092E7FF91400BCF7C9 /* Sources */ = {
			isa = PBXSourcesBuildPhase;
			buildActionMask = 2147483647;
			files = (
			);
			runOnlyForDeploymentPostprocessing = 0;
		};
		CB2075132E7FF91400BCF7C9 /* Sources */ = {
			isa = PBXSourcesBuildPhase;
			buildActionMask = 2147483647;
			files = (
			);
			runOnlyForDeploymentPostprocessing = 0;
		};
/* End PBXSourcesBuildPhase section */

/* Begin PBXTargetDependency section */
		CB20750F2E7FF91400BCF7C9 /* PBXTargetDependency */ = {
			isa = PBXTargetDependency;
			target = CB2074F62E7FF91200BCF7C9 /* Countries List */;
			targetProxy = CB20750E2E7FF91400BCF7C9 /* PBXContainerItemProxy */;
		};
		CB2075192E7FF91400BCF7C9 /* PBXTargetDependency */ = {
			isa = PBXTargetDependency;
			target = CB2074F62E7FF91200BCF7C9 /* Countries List */;
			targetProxy = CB2075182E7FF91400BCF7C9 /* PBXContainerItemProxy */;
		};
/* End PBXTargetDependency section */

/* Begin XCBuildConfiguration section */
		CB2075212E7FF91400BCF7C9 /* Debug */ = {
			isa = XCBuildConfiguration;
			buildSettings = {
				ASSETCATALOG_COMPILER_APPICON_NAME = AppIcon;
				ASSETCATALOG_COMPILER_GLOBAL_ACCENT_COLOR_NAME = AccentColor;
				CODE_SIGN_STYLE = Automatic;
				CURRENT_PROJECT_VERSION = 1;
				GENERATE_INFOPLIST_FILE = YES;
				INFOPLIST_FILE = "Countries List/Info.plist";
				INFOPLIST_KEY_UIApplicationSupportsIndirectInputEvents = YES;
				INFOPLIST_KEY_UILaunchStoryboardName = LaunchScreen;
				INFOPLIST_KEY_UIMainStoryboardFile = Main;
				INFOPLIST_KEY_UISupportedInterfaceOrientations_iPad = "UIInterfaceOrientationPortrait UIInterfaceOrientationPortraitUpsideDown UIInterfaceOrientationLandscapeLeft UIInterfaceOrientationLandscapeRight";
				INFOPLIST_KEY_UISupportedInterfaceOrientations_iPhone = "UIInterfaceOrientationPortrait UIInterfaceOrientationLandscapeLeft UIInterfaceOrientationLandscapeRight";
				LD_RUNPATH_SEARCH_PATHS = (
					"$(inherited)",
					"@executable_path/Frameworks",
				);
				MARKETING_VERSION = 1.0;
				PRODUCT_BUNDLE_IDENTIFIER = "com.test.Countries-List";
				PRODUCT_NAME = "$(TARGET_NAME)";
				SWIFT_EMIT_LOC_STRINGS = YES;
				SWIFT_VERSION = 5.0;
				TARGETED_DEVICE_FAMILY = "1,2";
			};
			name = Debug;
		};
		CB2075222E7FF91400BCF7C9 /* Release */ = {
			isa = XCBuildConfiguration;
			buildSettings = {
				ASSETCATALOG_COMPILER_APPICON_NAME = AppIcon;
				ASSETCATALOG_COMPILER_GLOBAL_ACCENT_COLOR_NAME = AccentColor;
				CODE_SIGN_STYLE = Automatic;
				CURRENT_PROJECT_VERSION = 1;
				GENERATE_INFOPLIST_FILE = YES;
				INFOPLIST_FILE = "Countries List/Info.plist";
				INFOPLIST_KEY_UIApplicationSupportsIndirectInputEvents = YES;
				INFOPLIST_KEY_UILaunchStoryboardName = LaunchScreen;
				INFOPLIST_KEY_UIMainStoryboardFile = Main;
				INFOPLIST_KEY_UISupportedInterfaceOrientations_iPad = "UIInterfaceOrientationPortrait UIInterfaceOrientationPortraitUpsideDown UIInterfaceOrientationLandscapeLeft UIInterfaceOrientationLandscapeRight";
				INFOPLIST_KEY_UISupportedInterfaceOrientations_iPhone = "UIInterfaceOrientationPortrait UIInterfaceOrientationLandscapeLeft UIInterfaceOrientationLandscapeRight";
				LD_RUNPATH_SEARCH_PATHS = (
					"$(inherited)",
					"@executable_path/Frameworks",
				);
				MARKETING_VERSION = 1.0;
				PRODUCT_BUNDLE_IDENTIFIER = "com.test.Countries-List";
				PRODUCT_NAME = "$(TARGET_NAME)";
				SWIFT_EMIT_LOC_STRINGS = YES;
				SWIFT_VERSION = 5.0;
				TARGETED_DEVICE_FAMILY = "1,2";
			};
			name = Release;
		};
		CB2075232E7FF91400BCF7C9 /* Debug */ = {
			isa = XCBuildConfiguration;
			buildSettings = {
				ALWAYS_SEARCH_USER_PATHS = NO;
				ASSETCATALOG_COMPILER_GENERATE_SWIFT_ASSET_SYMBOL_EXTENSIONS = YES;
				CLANG_ANALYZER_NONNULL = YES;
				CLANG_ANALYZER_NUMBER_OBJECT_CONVERSION = YES_AGGRESSIVE;
				CLANG_CXX_LANGUAGE_STANDARD = "gnu++20";
				CLANG_ENABLE_MODULES = YES;
				CLANG_ENABLE_OBJC_ARC = YES;
				CLANG_ENABLE_OBJC_WEAK = YES;
				CLANG_WARN_BLOCK_CAPTURE_AUTORELEASING = YES;
				CLANG_WARN_BOOL_CONVERSION = YES;
				CLANG_WARN_COMMA = YES;
				CLANG_WARN_CONSTANT_CONVERSION = YES;
				CLANG_WARN_DEPRECATED_OBJC_IMPLEMENTATIONS = YES;
				CLANG_WARN_DIRECT_OBJC_ISA_USAGE = YES_ERROR;
				CLANG_WARN_DOCUMENTATION_COMMENTS = YES;
				CLANG_WARN_EMPTY_BODY = YES;
				CLANG_WARN_ENUM_CONVERSION = YES;
				CLANG_WARN_INFINITE_RECURSION = YES;
				CLANG_WARN_INT_CONVERSION = YES;
				CLANG_WARN_NON_LITERAL_NULL_CONVERSION = YES;
				CLANG_WARN_OBJC_IMPLICIT_RETAIN_SELF = YES;
				CLANG_WARN_OBJC_LITERAL_CONVERSION = YES;
				CLANG_WARN_OBJC_ROOT_CLASS = YES_ERROR;
				CLANG_WARN_QUOTED_INCLUDE_IN_FRAMEWORK_HEADER = YES;
				CLANG_WARN_RANGE_LOOP_ANALYSIS = YES;
				CLANG_WARN_STRICT_PROTOTYPES = YES;
				CLANG_WARN_SUSPICIOUS_MOVE = YES;
				CLANG_WARN_UNGUARDED_AVAILABILITY = YES_AGGRESSIVE;
				CLANG_WARN_UNREACHABLE_CODE = YES;
				CLANG_WARN__DUPLICATE_METHOD_MATCH = YES;
				COPY_PHASE_STRIP = NO;
				DEBUG_INFORMATION_FORMAT = dwarf;
				ENABLE_STRICT_OBJC_MSGSEND = YES;
				ENABLE_TESTABILITY = YES;
				ENABLE_USER_SCRIPT_SANDBOXING = YES;
				GCC_C_LANGUAGE_STANDARD = gnu17;
				GCC_DYNAMIC_NO_PIC = NO;
				GCC_NO_COMMON_BLOCKS = YES;
				GCC_OPTIMIZATION_LEVEL = 0;
				GCC_PREPROCESSOR_DEFINITIONS = (
					"DEBUG=1",
					"$(inherited)",
				);
				GCC_WARN_64_TO_32_BIT_CONVERSION = YES;
				GCC_WARN_ABOUT_RETURN_TYPE = YES_ERROR;
				GCC_WARN_UNDECLARED_SELECTOR = YES;
				GCC_WARN_UNINITIALIZED_AUTOS = YES_AGGRESSIVE;
				GCC_WARN_UNUSED_FUNCTION = YES;
				GCC_WARN_UNUSED_VARIABLE = YES;
				IPHONEOS_DEPLOYMENT_TARGET = 18.5;
				LOCALIZATION_PREFERS_STRING_CATALOGS = YES;
				MTL_ENABLE_DEBUG_INFO = INCLUDE_SOURCE;
				MTL_FAST_MATH = YES;
				ONLY_ACTIVE_ARCH = YES;
				SDKROOT = iphoneos;
				SWIFT_ACTIVE_COMPILATION_CONDITIONS = "DEBUG $(inherited)";
				SWIFT_OPTIMIZATION_LEVEL = "-Onone";
			};
			name = Debug;
		};
		CB2075242E7FF91400BCF7C9 /* Release */ = {
			isa = XCBuildConfiguration;
			buildSettings = {
				ALWAYS_SEARCH_USER_PATHS = NO;
				ASSETCATALOG_COMPILER_GENERATE_SWIFT_ASSET_SYMBOL_EXTENSIONS = YES;
				CLANG_ANALYZER_NONNULL = YES;
				CLANG_ANALYZER_NUMBER_OBJECT_CONVERSION = YES_AGGRESSIVE;
				CLANG_CXX_LANGUAGE_STANDARD = "gnu++20";
				CLANG_ENABLE_MODULES = YES;
				CLANG_ENABLE_OBJC_ARC = YES;
				CLANG_ENABLE_OBJC_WEAK = YES;
				CLANG_WARN_BLOCK_CAPTURE_AUTORELEASING = YES;
				CLANG_WARN_BOOL_CONVERSION = YES;
				CLANG_WARN_COMMA = YES;
				CLANG_WARN_CONSTANT_CONVERSION = YES;
				CLANG_WARN_DEPRECATED_OBJC_IMPLEMENTATIONS = YES;
				CLANG_WARN_DIRECT_OBJC_ISA_USAGE = YES_ERROR;
				CLANG_WARN_DOCUMENTATION_COMMENTS = YES;
				CLANG_WARN_EMPTY_BODY = YES;
				CLANG_WARN_ENUM_CONVERSION = YES;
				CLANG_WARN_INFINITE_RECURSION = YES;
				CLANG_WARN_INT_CONVERSION = YES;
				CLANG_WARN_NON_LITERAL_NULL_CONVERSION = YES;
				CLANG_WARN_OBJC_IMPLICIT_RETAIN_SELF = YES;
				CLANG_WARN_OBJC_LITERAL_CONVERSION = YES;
				CLANG_WARN_OBJC_ROOT_CLASS = YES_ERROR;
				CLANG_WARN_QUOTED_INCLUDE_IN_FRAMEWORK_HEADER = YES;
				CLANG_WARN_RANGE_LOOP_ANALYSIS = YES;
				CLANG_WARN_STRICT_PROTOTYPES = YES;
				CLANG_WARN_SUSPICIOUS_MOVE = YES;
				CLANG_WARN_UNGUARDED_AVAILABILITY = YES_AGGRESSIVE;
				CLANG_WARN_UNREACHABLE_CODE = YES;
				CLANG_WARN__DUPLICATE_METHOD_MATCH = YES;
				COPY_PHASE_STRIP = NO;
				DEBUG_INFORMATION_FORMAT = "dwarf-with-dsym";
				ENABLE_NS_ASSERTIONS = NO;
				ENABLE_STRICT_OBJC_MSGSEND = YES;
				ENABLE_USER_SCRIPT_SANDBOXING = YES;
				GCC_C_LANGUAGE_STANDARD = gnu17;
				GCC_NO_COMMON_BLOCKS = YES;
				GCC_WARN_64_TO_32_BIT_CONVERSION = YES;
				GCC_WARN_ABOUT_RETURN_TYPE = YES_ERROR;
				GCC_WARN_UNDECLARED_SELECTOR = YES;
				GCC_WARN_UNINITIALIZED_AUTOS = YES_AGGRESSIVE;
				GCC_WARN_UNUSED_FUNCTION = YES;
				GCC_WARN_UNUSED_VARIABLE = YES;
				IPHONEOS_DEPLOYMENT_TARGET = 18.5;
				LOCALIZATION_PREFERS_STRING_CATALOGS = YES;
				MTL_ENABLE_DEBUG_INFO = NO;
				MTL_FAST_MATH = YES;
				SDKROOT = iphoneos;
				SWIFT_COMPILATION_MODE = wholemodule;
				VALIDATE_PRODUCT = YES;
			};
			name = Release;
		};
		CB2075262E7FF91400BCF7C9 /* Debug */ = {
			isa = XCBuildConfiguration;
			buildSettings = {
				BUNDLE_LOADER = "$(TEST_HOST)";
				CODE_SIGN_STYLE = Automatic;
				CURRENT_PROJECT_VERSION = 1;
				GENERATE_INFOPLIST_FILE = YES;
				IPHONEOS_DEPLOYMENT_TARGET = 18.5;
				MARKETING_VERSION = 1.0;
				PRODUCT_BUNDLE_IDENTIFIER = "com.test.Countries-ListTests";
				PRODUCT_NAME = "$(TARGET_NAME)";
				SWIFT_EMIT_LOC_STRINGS = NO;
				SWIFT_VERSION = 5.0;
				TARGETED_DEVICE_FAMILY = "1,2";
				TEST_HOST = "$(BUILT_PRODUCTS_DIR)/Countries List.app/$(BUNDLE_EXECUTABLE_FOLDER_PATH)/Countries List";
			};
			name = Debug;
		};
		CB2075272E7FF91400BCF7C9 /* Release */ = {
			isa = XCBuildConfiguration;
			buildSettings = {
				BUNDLE_LOADER = "$(TEST_HOST)";
				CODE_SIGN_STYLE = Automatic;
				CURRENT_PROJECT_VERSION = 1;
				GENERATE_INFOPLIST_FILE = YES;
				IPHONEOS_DEPLOYMENT_TARGET = 18.5;
				MARKETING_VERSION = 1.0;
				PRODUCT_BUNDLE_IDENTIFIER = "com.test.Countries-ListTests";
				PRODUCT_NAME = "$(TARGET_NAME)";
				SWIFT_EMIT_LOC_STRINGS = NO;
				SWIFT_VERSION = 5.0;
				TARGETED_DEVICE_FAMILY = "1,2";
				TEST_HOST = "$(BUILT_PRODUCTS_DIR)/Countries List.app/$(BUNDLE_EXECUTABLE_FOLDER_PATH)/Countries List";
			};
			name = Release;
		};
		CB2075292E7FF91400BCF7C9 /* Debug */ = {
			isa = XCBuildConfiguration;
			buildSettings = {
				CODE_SIGN_STYLE = Automatic;
				CURRENT_PROJECT_VERSION = 1;
				GENERATE_INFOPLIST_FILE = YES;
				MARKETING_VERSION = 1.0;
				PRODUCT_BUNDLE_IDENTIFIER = "com.test.Countries-ListUITests";
				PRODUCT_NAME = "$(TARGET_NAME)";
				SWIFT_EMIT_LOC_STRINGS = NO;
				SWIFT_VERSION = 5.0;
				TARGETED_DEVICE_FAMILY = "1,2";
				TEST_TARGET_NAME = "Countries List";
			};
			name = Debug;
		};
		CB20752A2E7FF91400BCF7C9 /* Release */ = {
			isa = XCBuildConfiguration;
			buildSettings = {
				CODE_SIGN_STYLE = Automatic;
				CURRENT_PROJECT_VERSION = 1;
				GENERATE_INFOPLIST_FILE = YES;
				MARKETING_VERSION = 1.0;
				PRODUCT_BUNDLE_IDENTIFIER = "com.test.Countries-ListUITests";
				PRODUCT_NAME = "$(TARGET_NAME)";
				SWIFT_EMIT_LOC_STRINGS = NO;
				SWIFT_VERSION = 5.0;
				TARGETED_DEVICE_FAMILY = "1,2";
				TEST_TARGET_NAME = "Countries List";
			};
			name = Release;
		};
/* End XCBuildConfiguration section */

/* Begin XCConfigurationList section */
		CB2074F22E7FF91200BCF7C9 /* Build configuration list for PBXProject "Countries List" */ = {
			isa = XCConfigurationList;
			buildConfigurations = (
				CB2075232E7FF91400BCF7C9 /* Debug */,
				CB2075242E7FF91400BCF7C9 /* Release */,
			);
			defaultConfigurationIsVisible = 0;
			defaultConfigurationName = Release;
		};
		CB2075202E7FF91400BCF7C9 /* Build configuration list for PBXNativeTarget "Countries List" */ = {
			isa = XCConfigurationList;
			buildConfigurations = (
				CB2075212E7FF91400BCF7C9 /* Debug */,
				CB2075222E7FF91400BCF7C9 /* Release */,
			);
			defaultConfigurationIsVisible = 0;
			defaultConfigurationName = Release;
		};
		CB2075252E7FF91400BCF7C9 /* Build configuration list for PBXNativeTarget "Countries ListTests" */ = {
			isa = XCConfigurationList;
			buildConfigurations = (
				CB2075262E7FF91400BCF7C9 /* Debug */,
				CB2075272E7FF91400BCF7C9 /* Release */,
			);
			defaultConfigurationIsVisible = 0;
			defaultConfigurationName = Release;
		};
		CB2075282E7FF91400BCF7C9 /* Build configuration list for PBXNativeTarget "Countries ListUITests" */ = {
			isa = XCConfigurationList;
			buildConfigurations = (
				CB2075292E7FF91400BCF7C9 /* Debug */,
				CB20752A2E7FF91400BCF7C9 /* Release */,
			);
			defaultConfigurationIsVisible = 0;
			defaultConfigurationName = Release;
		};
/* End XCConfigurationList section */
	};
	rootObject = CB2074EF2E7FF91200BCF7C9 /* Project object */;
}
